
Microsoft Visual Studio Solution File, Format Version 12.00
# Visual Studio 15
VisualStudioVersion = 15.0.27703.2018
MinimumVisualStudioVersion = 10.0.40219.1
Project("{FAE04EC0-301F-11D3-BF4B-00C04F79EFBC}") = "Greedy", "Greedy\Greedy.csproj", "{3381CC9E-EDA2-4677-A9BD-81E21F3F437D}"
EndProject
Project("{FAE04EC0-301F-11D3-BF4B-00C04F79EFBC}") = "Greedy.Tests", "Greedy.Tests\Greedy.Tests.csproj", "{24EC2888-2178-4798-93A2-D06A5EB60CF9}"
EndProject
Global
	GlobalSection(SolutionConfigurationPlatforms) = preSolution
		Debug|Any CPU = Debug|Any CPU
		Release|Any CPU = Release|Any CPU
	EndGlobalSection
	GlobalSection(ProjectConfigurationPlatforms) = postSolution
		{3381CC9E-EDA2-4677-A9BD-81E21F3F437D}.Debug|Any CPU.ActiveCfg = Debug|Any CPU
		{3381CC9E-EDA2-4677-A9BD-81E21F3F437D}.Debug|Any CPU.Build.0 = Debug|Any CPU
		{3381CC9E-EDA2-4677-A9BD-81E21F3F437D}.Release|Any CPU.ActiveCfg = Release|Any CPU
		{3381CC9E-EDA2-4677-A9BD-81E21F3F437D}.Release|Any CPU.Build.0 = Release|Any CPU
		{24EC2888-2178-4798-93A2-D06A5EB60CF9}.Debug|Any CPU.ActiveCfg = Debug|Any CPU
		{24EC2888-2178-4798-93A2-D06A5EB60CF9}.Debug|Any CPU.Build.0 = Debug|Any CPU
		{24EC2888-2178-4798-93A2-D06A5EB60CF9}.Release|Any CPU.ActiveCfg = Release|Any CPU
		{24EC2888-2178-4798-93A2-D06A5EB60CF9}.Release|Any CPU.Build.0 = Release|Any CPU
	EndGlobalSection
	GlobalSection(SolutionProperties) = preSolution
		HideSolutionNode = FALSE
	EndGlobalSection
	GlobalSection(ExtensibilityGlobals) = postSolution
		SolutionGuid = {0242D46C-72B6-4D2B-9329-F5BD65819131}
	EndGlobalSection
EndGlobal
